lockfileVersion: '9.0'

settings:
  autoInstallPeers: true
  excludeLinksFromLockfile: false

importers:

  .:
    dependencies:
      '@tanstack/react-query':
        specifier: ^5.70.0
        version: 5.70.0(react@19.1.0)

packages:

  '@tanstack/query-core@5.70.0':
    resolution: {integrity: sha512-ZkkjQAZjI6nS5OyAmaSQafQXK180Xvp0lZYk4BzrnskkTV8On3zSJUxOIXnh0h/8EgqRkCA9i879DiJovA1kGw==}

  '@tanstack/react-query@5.70.0':
    resolution: {integrity: sha512-z0tx1zz2CQ6nTm+fCaOp93FqsFjNgXtOy+4mC5ifQ4B+rJiMD0AGfJrYSGh/OuefhrzTYDAbkGUAGw6JzkWy8g==}
    peerDependencies:
      react: ^18 || ^19

  react@19.1.0:
    resolution: {integrity: sha512-FS+XFBNvn3GTAWq26joslQgWNoFu08F4kl0J4CgdNKADkdSGXQyTCnKteIAJy96Br6YbpEU1LSzV5dYtjMkMDg==}
    engines: {node: '>=0.10.0'}

snapshots:

  '@tanstack/query-core@5.70.0': {}

  '@tanstack/react-query@5.70.0(react@19.1.0)':
    dependencies:
      '@tanstack/query-core': 5.70.0
      react: 19.1.0

  react@19.1.0: {}
